// !$*UTF8*$!
{
	archiveVersion = 1;
	classes = {
	};
	objectVersion = 46;
	objects = {

/* Begin PBXBuildFile section */
		11EEC54DB60536791A376128 /* Pods_WowSuchHire.framework in Frameworks */ = {isa = PBXBuildFile; fileRef = 2261595397FA099446E87F99 /* Pods_WowSuchHire.framework */; };
		4DC2934A1C19D6C0008D69C0 /* AppDelegate.swift in Sources */ = {isa = PBXBuildFile; fileRef = 4DC293491C19D6C0008D69C0 /* AppDelegate.swift */; };
		4DC2934C1C19D6C0008D69C0 /* DogeViewController.swift in Sources */ = {isa = PBXBuildFile; fileRef = 4DC2934B1C19D6C0008D69C0 /* DogeViewController.swift */; };
		4DC2934F1C19D6C0008D69C0 /* Main.storyboard in Resources */ = {isa = PBXBuildFile; fileRef = 4DC2934D1C19D6C0008D69C0 /* Main.storyboard */; };
		4DC293511C19D6C0008D69C0 /* Assets.xcassets in Resources */ = {isa = PBXBuildFile; fileRef = 4DC293501C19D6C0008D69C0 /* Assets.xcassets */; };
		4DC293541C19D6C0008D69C0 /* LaunchScreen.storyboard in Resources */ = {isa = PBXBuildFile; fileRef = 4DC293521C19D6C0008D69C0 /* LaunchScreen.storyboard */; };
		4DC2935F1C19D6C0008D69C0 /* WowSuchHireTests.swift in Sources */ = {isa = PBXBuildFile; fileRef = 4DC2935E1C19D6C0008D69C0 /* WowSuchHireTests.swift */; };
		4DC2936A1C19D6C0008D69C0 /* WowSuchHireUITests.swift in Sources */ = {isa = PBXBuildFile; fileRef = 4DC293691C19D6C0008D69C0 /* WowSuchHireUITests.swift */; };
		4DC293781C19D8AA008D69C0 /* Secrets.swift in Sources */ = {isa = PBXBuildFile; fileRef = 4DC293771C19D8AA008D69C0 /* Secrets.swift */; };
		5A61A7DBE00146C4BD13F533 /* Pods_WowSuchHireTests.framework in Frameworks */ = {isa = PBXBuildFile; fileRef = C201C51336181FE3A0E1165A /* Pods_WowSuchHireTests.framework */; };
		A87B7E66BD875139E87DE5B3 /* Pods_WowSuchHireUITests.framework in Frameworks */ = {isa = PBXBuildFile; fileRef = 84A7A68E85A7D4084104ADFC /* Pods_WowSuchHireUITests.framework */; };
/* End PBXBuildFile section */

/* Begin PBXContainerItemProxy section */
		4DC2935B1C19D6C0008D69C0 /* PBXContainerItemProxy */ = {
			isa = PBXContainerItemProxy;
			containerPortal = 4DC2933E1C19D6C0008D69C0 /* Project object */;
			proxyType = 1;
			remoteGlobalIDString = 4DC293451C19D6C0008D69C0;
			remoteInfo = WowSuchHire;
		};
		4DC293661C19D6C0008D69C0 /* PBXContainerItemProxy */ = {
			isa = PBXContainerItemProxy;
			containerPortal = 4DC2933E1C19D6C0008D69C0 /* Project object */;
			proxyType = 1;
			remoteGlobalIDString = 4DC293451C19D6C0008D69C0;
			remoteInfo = WowSuchHire;
		};
/* End PBXContainerItemProxy section */

/* Begin PBXFileReference section */
		0765CACBD8ED6A345D0ACE2F /* Pods-WowSuchHire.release.xcconfig */ = {isa = PBXFileReference; includeInIndex = 1; lastKnownFileType = text.xcconfig; name = "Pods-WowSuchHire.release.xcconfig"; path = "Pods/Target Support Files/Pods-WowSuchHire/Pods-WowSuchHire.release.xcconfig"; sourceTree = "<group>"; };
		2261595397FA099446E87F99 /* Pods_WowSuchHire.framework */ = {isa = PBXFileReference; explicitFileType = wrapper.framework; includeInIndex = 0; path = Pods_WowSuchHire.framework; sourceTree = BUILT_PRODUCTS_DIR; };
		4DC293461C19D6C0008D69C0 /* WowSuchHire.app */ = {isa = PBXFileReference; explicitFileType = wrapper.application; includeInIndex = 0; path = WowSuchHire.app; sourceTree = BUILT_PRODUCTS_DIR; };
		4DC293491C19D6C0008D69C0 /* AppDelegate.swift */ = {isa = PBXFileReference; lastKnownFileType = sourcecode.swift; path = AppDelegate.swift; sourceTree = "<group>"; };
		4DC2934B1C19D6C0008D69C0 /* DogeViewController.swift */ = {isa = PBXFileReference; lastKnownFileType = sourcecode.swift; path = DogeViewController.swift; sourceTree = "<group>"; };
		4DC2934E1C19D6C0008D69C0 /* Base */ = {isa = PBXFileReference; lastKnownFileType = file.storyboard; name = Base; path = Base.lproj/Main.storyboard; sourceTree = "<group>"; };
		4DC293501C19D6C0008D69C0 /* Assets.xcassets */ = {isa = PBXFileReference; lastKnownFileType = folder.assetcatalog; path = Assets.xcassets; sourceTree = "<group>"; };
		4DC293531C19D6C0008D69C0 /* Base */ = {isa = PBXFileReference; lastKnownFileType = file.storyboard; name = Base; path = Base.lproj/LaunchScreen.storyboard; sourceTree = "<group>"; };
		4DC293551C19D6C0008D69C0 /* Info.plist */ = {isa = PBXFileReference; lastKnownFileType = text.plist.xml; path = Info.plist; sourceTree = "<group>"; };
		4DC2935A1C19D6C0008D69C0 /* WowSuchHireTests.xctest */ = {isa = PBXFileReference; explicitFileType = wrapper.cfbundle; includeInIndex = 0; path = WowSuchHireTests.xctest; sourceTree = BUILT_PRODUCTS_DIR; };
		4DC2935E1C19D6C0008D69C0 /* WowSuchHireTests.swift */ = {isa = PBXFileReference; lastKnownFileType = sourcecode.swift; path = WowSuchHireTests.swift; sourceTree = "<group>"; };
		4DC293601C19D6C0008D69C0 /* Info.plist */ = {isa = PBXFileReference; lastKnownFileType = text.plist.xml; path = Info.plist; sourceTree = "<group>"; };
		4DC293651C19D6C0008D69C0 /* WowSuchHireUITests.xctest */ = {isa = PBXFileReference; explicitFileType = wrapper.cfbundle; includeInIndex = 0; path = WowSuchHireUITests.xctest; sourceTree = BUILT_PRODUCTS_DIR; };
		4DC293691C19D6C0008D69C0 /* WowSuchHireUITests.swift */ = {isa = PBXFileReference; lastKnownFileType = sourcecode.swift; path = WowSuchHireUITests.swift; sourceTree = "<group>"; };
		4DC2936B1C19D6C0008D69C0 /* Info.plist */ = {isa = PBXFileReference; lastKnownFileType = text.plist.xml; path = Info.plist; sourceTree = "<group>"; };
		4DC293771C19D8AA008D69C0 /* Secrets.swift */ = {isa = PBXFileReference; fileEncoding = 4; lastKnownFileType = sourcecode.swift; path = Secrets.swift; sourceTree = "<group>"; };
		84A7A68E85A7D4084104ADFC /* Pods_WowSuchHireUITests.framework */ = {isa = PBXFileReference; explicitFileType = wrapper.framework; includeInIndex = 0; path = Pods_WowSuchHireUITests.framework; sourceTree = BUILT_PRODUCTS_DIR; };
		A04D85644077C777E58CE29B /* Pods-WowSuchHireUITests.release.xcconfig */ = {isa = PBXFileReference; includeInIndex = 1; lastKnownFileType = text.xcconfig; name = "Pods-WowSuchHireUITests.release.xcconfig"; path = "Pods/Target Support Files/Pods-WowSuchHireUITests/Pods-WowSuchHireUITests.release.xcconfig"; sourceTree = "<group>"; };
		A1CB079FA43527FB1E136817 /* Pods-WowSuchHireTests.debug.xcconfig */ = {isa = PBXFileReference; includeInIndex = 1; lastKnownFileType = text.xcconfig; name = "Pods-WowSuchHireTests.debug.xcconfig"; path = "Pods/Target Support Files/Pods-WowSuchHireTests/Pods-WowSuchHireTests.debug.xcconfig"; sourceTree = "<group>"; };
		C201C51336181FE3A0E1165A /* Pods_WowSuchHireTests.framework */ = {isa = PBXFileReference; explicitFileType = wrapper.framework; includeInIndex = 0; path = Pods_WowSuchHireTests.framework; sourceTree = BUILT_PRODUCTS_DIR; };
		CCD9755FE9F0EF81AC0FB00D /* Pods-WowSuchHireTests.release.xcconfig */ = {isa = PBXFileReference; includeInIndex = 1; lastKnownFileType = text.xcconfig; name = "Pods-WowSuchHireTests.release.xcconfig"; path = "Pods/Target Support Files/Pods-WowSuchHireTests/Pods-WowSuchHireTests.release.xcconfig"; sourceTree = "<group>"; };
		D562F07881B12FCEB8CC9DE7 /* Pods-WowSuchHire.debug.xcconfig */ = {isa = PBXFileReference; includeInIndex = 1; lastKnownFileType = text.xcconfig; name = "Pods-WowSuchHire.debug.xcconfig"; path = "Pods/Target Support Files/Pods-WowSuchHire/Pods-WowSuchHire.debug.xcconfig"; sourceTree = "<group>"; };
		EF9DFD551738B03ADE94ADCA /* Pods-WowSuchHireUITests.debug.xcconfig */ = {isa = PBXFileReference; includeInIndex = 1; lastKnownFileType = text.xcconfig; name = "Pods-WowSuchHireUITests.debug.xcconfig"; path = "Pods/Target Support Files/Pods-WowSuchHireUITests/Pods-WowSuchHireUITests.debug.xcconfig"; sourceTree = "<group>"; };
/* End PBXFileReference section */

/* Begin PBXFrameworksBuildPhase section */
		4DC293431C19D6C0008D69C0 /* Frameworks */ = {
			isa = PBXFrameworksBuildPhase;
			buildActionMask = 2147483647;
			files = (
				11EEC54DB60536791A376128 /* Pods_WowSuchHire.framework in Frameworks */,
			);
			runOnlyForDeploymentPostprocessing = 0;
		};
		4DC293571C19D6C0008D69C0 /* Frameworks */ = {
			isa = PBXFrameworksBuildPhase;
			buildActionMask = 2147483647;
			files = (
				5A61A7DBE00146C4BD13F533 /* Pods_WowSuchHireTests.framework in Frameworks */,
			);
			runOnlyForDeploymentPostprocessing = 0;
		};
		4DC293621C19D6C0008D69C0 /* Frameworks */ = {
			isa = PBXFrameworksBuildPhase;
			buildActionMask = 2147483647;
			files = (
				A87B7E66BD875139E87DE5B3 /* Pods_WowSuchHireUITests.framework in Frameworks */,
			);
			runOnlyForDeploymentPostprocessing = 0;
		};
/* End PBXFrameworksBuildPhase section */

/* Begin PBXGroup section */
		4DC2933D1C19D6C0008D69C0 = {
			isa = PBXGroup;
			children = (
				4DC293481C19D6C0008D69C0 /* WowSuchHire */,
				4DC2935D1C19D6C0008D69C0 /* WowSuchHireTests */,
				4DC293681C19D6C0008D69C0 /* WowSuchHireUITests */,
				4DC293471C19D6C0008D69C0 /* Products */,
				D326A0FC6BA8B4803ED3F006 /* Pods */,
				CC3828D22048051116AF3923 /* Frameworks */,
			);
			sourceTree = "<group>";
		};
		4DC293471C19D6C0008D69C0 /* Products */ = {
			isa = PBXGroup;
			children = (
				4DC293461C19D6C0008D69C0 /* WowSuchHire.app */,
				4DC2935A1C19D6C0008D69C0 /* WowSuchHireTests.xctest */,
				4DC293651C19D6C0008D69C0 /* WowSuchHireUITests.xctest */,
			);
			name = Products;
			sourceTree = "<group>";
		};
		4DC293481C19D6C0008D69C0 /* WowSuchHire */ = {
			isa = PBXGroup;
			children = (
				4DC293771C19D8AA008D69C0 /* Secrets.swift */,
				4DC293491C19D6C0008D69C0 /* AppDelegate.swift */,
				4DC2934B1C19D6C0008D69C0 /* DogeViewController.swift */,
				4DC2934D1C19D6C0008D69C0 /* Main.storyboard */,
				4DC293501C19D6C0008D69C0 /* Assets.xcassets */,
				4DC293521C19D6C0008D69C0 /* LaunchScreen.storyboard */,
				4DC293551C19D6C0008D69C0 /* Info.plist */,
			);
			path = WowSuchHire;
			sourceTree = "<group>";
		};
		4DC2935D1C19D6C0008D69C0 /* WowSuchHireTests */ = {
			isa = PBXGroup;
			children = (
				4DC2935E1C19D6C0008D69C0 /* WowSuchHireTests.swift */,
				4DC293601C19D6C0008D69C0 /* Info.plist */,
			);
			path = WowSuchHireTests;
			sourceTree = "<group>";
		};
		4DC293681C19D6C0008D69C0 /* WowSuchHireUITests */ = {
			isa = PBXGroup;
			children = (
				4DC293691C19D6C0008D69C0 /* WowSuchHireUITests.swift */,
				4DC2936B1C19D6C0008D69C0 /* Info.plist */,
			);
			path = WowSuchHireUITests;
			sourceTree = "<group>";
		};
		CC3828D22048051116AF3923 /* Frameworks */ = {
			isa = PBXGroup;
			children = (
				2261595397FA099446E87F99 /* Pods_WowSuchHire.framework */,
				C201C51336181FE3A0E1165A /* Pods_WowSuchHireTests.framework */,
				84A7A68E85A7D4084104ADFC /* Pods_WowSuchHireUITests.framework */,
			);
			name = Frameworks;
			sourceTree = "<group>";
		};
		D326A0FC6BA8B4803ED3F006 /* Pods */ = {
			isa = PBXGroup;
			children = (
				D562F07881B12FCEB8CC9DE7 /* Pods-WowSuchHire.debug.xcconfig */,
				0765CACBD8ED6A345D0ACE2F /* Pods-WowSuchHire.release.xcconfig */,
				A1CB079FA43527FB1E136817 /* Pods-WowSuchHireTests.debug.xcconfig */,
				CCD9755FE9F0EF81AC0FB00D /* Pods-WowSuchHireTests.release.xcconfig */,
				EF9DFD551738B03ADE94ADCA /* Pods-WowSuchHireUITests.debug.xcconfig */,
				A04D85644077C777E58CE29B /* Pods-WowSuchHireUITests.release.xcconfig */,
			);
			name = Pods;
			sourceTree = "<group>";
		};
/* End PBXGroup section */

/* Begin PBXNativeTarget section */
		4DC293451C19D6C0008D69C0 /* WowSuchHire */ = {
			isa = PBXNativeTarget;
			buildConfigurationList = 4DC2936E1C19D6C0008D69C0 /* Build configuration list for PBXNativeTarget "WowSuchHire" */;
			buildPhases = (
				13816A146901A883B2537A2C /* Check Pods Manifest.lock */,
				4DC293421C19D6C0008D69C0 /* Sources */,
				4DC293431C19D6C0008D69C0 /* Frameworks */,
				4DC293441C19D6C0008D69C0 /* Resources */,
				CB330C3D2E2A6E72BBEB421B /* Embed Pods Frameworks */,
				67218F06FB5540F0654F6977 /* Copy Pods Resources */,
			);
			buildRules = (
			);
			dependencies = (
			);
			name = WowSuchHire;
			productName = WowSuchHire;
			productReference = 4DC293461C19D6C0008D69C0 /* WowSuchHire.app */;
			productType = "com.apple.product-type.application";
		};
		4DC293591C19D6C0008D69C0 /* WowSuchHireTests */ = {
			isa = PBXNativeTarget;
			buildConfigurationList = 4DC293711C19D6C0008D69C0 /* Build configuration list for PBXNativeTarget "WowSuchHireTests" */;
			buildPhases = (
				F96AC21ED362E33483851F36 /* Check Pods Manifest.lock */,
				4DC293561C19D6C0008D69C0 /* Sources */,
				4DC293571C19D6C0008D69C0 /* Frameworks */,
				4DC293581C19D6C0008D69C0 /* Resources */,
				11C000EED10D39121A631976 /* Embed Pods Frameworks */,
				5E5270370AB3CAC51CE86A7D /* Copy Pods Resources */,
			);
			buildRules = (
			);
			dependencies = (
				4DC2935C1C19D6C0008D69C0 /* PBXTargetDependency */,
			);
			name = WowSuchHireTests;
			productName = WowSuchHireTests;
			productReference = 4DC2935A1C19D6C0008D69C0 /* WowSuchHireTests.xctest */;
			productType = "com.apple.product-type.bundle.unit-test";
		};
		4DC293641C19D6C0008D69C0 /* WowSuchHireUITests */ = {
			isa = PBXNativeTarget;
			buildConfigurationList = 4DC293741C19D6C0008D69C0 /* Build configuration list for PBXNativeTarget "WowSuchHireUITests" */;
			buildPhases = (
				7D149BF89172AF58DB77981A /* Check Pods Manifest.lock */,
				4DC293611C19D6C0008D69C0 /* Sources */,
				4DC293621C19D6C0008D69C0 /* Frameworks */,
				4DC293631C19D6C0008D69C0 /* Resources */,
				92D028DA70DE70D3CBBA6F2D /* Copy Pods Resources */,
			);
			buildRules = (
			);
			dependencies = (
				4DC293671C19D6C0008D69C0 /* PBXTargetDependency */,
			);
			name = WowSuchHireUITests;
			productName = WowSuchHireUITests;
			productReference = 4DC293651C19D6C0008D69C0 /* WowSuchHireUITests.xctest */;
			productType = "com.apple.product-type.bundle.ui-testing";
		};
/* End PBXNativeTarget section */

/* Begin PBXProject section */
		4DC2933E1C19D6C0008D69C0 /* Project object */ = {
			isa = PBXProject;
			attributes = {
				LastSwiftUpdateCheck = 0710;
				LastUpgradeCheck = 0710;
				ORGANIZATIONNAME = markedwardmurray;
				TargetAttributes = {
					4DC293451C19D6C0008D69C0 = {
						CreatedOnToolsVersion = 7.1;
					};
					4DC293591C19D6C0008D69C0 = {
						CreatedOnToolsVersion = 7.1;
						TestTargetID = 4DC293451C19D6C0008D69C0;
					};
					4DC293641C19D6C0008D69C0 = {
						CreatedOnToolsVersion = 7.1;
						TestTargetID = 4DC293451C19D6C0008D69C0;
					};
				};
			};
			buildConfigurationList = 4DC293411C19D6C0008D69C0 /* Build configuration list for PBXProject "WowSuchHire" */;
			compatibilityVersion = "Xcode 3.2";
			developmentRegion = English;
			hasScannedForEncodings = 0;
			knownRegions = (
				en,
				Base,
			);
			mainGroup = 4DC2933D1C19D6C0008D69C0;
			productRefGroup = 4DC293471C19D6C0008D69C0 /* Products */;
			projectDirPath = "";
			projectRoot = "";
			targets = (
				4DC293451C19D6C0008D69C0 /* WowSuchHire */,
				4DC293591C19D6C0008D69C0 /* WowSuchHireTests */,
				4DC293641C19D6C0008D69C0 /* WowSuchHireUITests */,
			);
		};
/* End PBXProject section */

/* Begin PBXResourcesBuildPhase section */
		4DC293441C19D6C0008D69C0 /* Resources */ = {
			isa = PBXResourcesBuildPhase;
			buildActionMask = 2147483647;
			files = (
				4DC293541C19D6C0008D69C0 /* LaunchScreen.storyboard in Resources */,
				4DC293511C19D6C0008D69C0 /* Assets.xcassets in Resources */,
				4DC2934F1C19D6C0008D69C0 /* Main.storyboard in Resources */,
			);
			runOnlyForDeploymentPostprocessing = 0;
		};
		4DC293581C19D6C0008D69C0 /* Resources */ = {
			isa = PBXResourcesBuildPhase;
			buildActionMask = 2147483647;
			files = (
			);
			runOnlyForDeploymentPostprocessing = 0;
		};
		4DC293631C19D6C0008D69C0 /* Resources */ = {
			isa = PBXResourcesBuildPhase;
			buildActionMask = 2147483647;
			files = (
			);
			runOnlyForDeploymentPostprocessing = 0;
		};
/* End PBXResourcesBuildPhase section */

/* Begin PBXShellScriptBuildPhase section */
		11C000EED10D39121A631976 /* Embed Pods Frameworks */ = {
			isa = PBXShellScriptBuildPhase;
			buildActionMask = 2147483647;
			files = (
			);
			inputPaths = (
			);
			name = "Embed Pods Frameworks";
			outputPaths = (
			);
			runOnlyForDeploymentPostprocessing = 0;
			shellPath = /bin/sh;
			shellScript = "\"${SRCROOT}/Pods/Target Support Files/Pods-WowSuchHireTests/Pods-WowSuchHireTests-frameworks.sh\"\n";
			showEnvVarsInLog = 0;
		};
		13816A146901A883B2537A2C /* Check Pods Manifest.lock */ = {
			isa = PBXShellScriptBuildPhase;
			buildActionMask = 2147483647;
			files = (
			);
			inputPaths = (
			);
			name = "Check Pods Manifest.lock";
			outputPaths = (
			);
			runOnlyForDeploymentPostprocessing = 0;
			shellPath = /bin/sh;
			shellScript = "diff \"${PODS_ROOT}/../Podfile.lock\" \"${PODS_ROOT}/Manifest.lock\" > /dev/null\nif [[ $? != 0 ]] ; then\n    cat << EOM\nerror: The sandbox is not in sync with the Podfile.lock. Run 'pod install' or update your CocoaPods installation.\nEOM\n    exit 1\nfi\n";
			showEnvVarsInLog = 0;
		};
		5E5270370AB3CAC51CE86A7D /* Copy Pods Resources */ = {
			isa = PBXShellScriptBuildPhase;
			buildActionMask = 2147483647;
			files = (
			);
			inputPaths = (
			);
			name = "Copy Pods Resources";
			outputPaths = (
			);
			runOnlyForDeploymentPostprocessing = 0;
			shellPath = /bin/sh;
			shellScript = "\"${SRCROOT}/Pods/Target Support Files/Pods-WowSuchHireTests/Pods-WowSuchHireTests-resources.sh\"\n";
			showEnvVarsInLog = 0;
		};
		67218F06FB5540F0654F6977 /* Copy Pods Resources */ = {
			isa = PBXShellScriptBuildPhase;
			buildActionMask = 2147483647;
			files = (
			);
			inputPaths = (
			);
			name = "Copy Pods Resources";
			outputPaths = (
			);
			runOnlyForDeploymentPostprocessing = 0;
			shellPath = /bin/sh;
			shellScript = "\"${SRCROOT}/Pods/Target Support Files/Pods-WowSuchHire/Pods-WowSuchHire-resources.sh\"\n";
			showEnvVarsInLog = 0;
		};
		7D149BF89172AF58DB77981A /* Check Pods Manifest.lock */ = {
			isa = PBXShellScriptBuildPhase;
			buildActionMask = 2147483647;
			files = (
			);
			inputPaths = (
			);
			name = "Check Pods Manifest.lock";
			outputPaths = (
			);
			runOnlyForDeploymentPostprocessing = 0;
			shellPath = /bin/sh;
			shellScript = "diff \"${PODS_ROOT}/../Podfile.lock\" \"${PODS_ROOT}/Manifest.lock\" > /dev/null\nif [[ $? != 0 ]] ; then\n    cat << EOM\nerror: The sandbox is not in sync with the Podfile.lock. Run 'pod install' or update your CocoaPods installation.\nEOM\n    exit 1\nfi\n";
			showEnvVarsInLog = 0;
		};
		92D028DA70DE70D3CBBA6F2D /* Copy Pods Resources */ = {
			isa = PBXShellScriptBuildPhase;
			buildActionMask = 2147483647;
			files = (
			);
			inputPaths = (
			);
			name = "Copy Pods Resources";
			outputPaths = (
			);
			runOnlyForDeploymentPostprocessing = 0;
			shellPath = /bin/sh;
			shellScript = "\"${SRCROOT}/Pods/Target Support Files/Pods-WowSuchHireUITests/Pods-WowSuchHireUITests-resources.sh\"\n";
			showEnvVarsInLog = 0;
		};
		CB330C3D2E2A6E72BBEB421B /* Embed Pods Frameworks */ = {
			isa = PBXShellScriptBuildPhase;
			buildActionMask = 2147483647;
			files = (
			);
			inputPaths = (
			);
			name = "Embed Pods Frameworks";
			outputPaths = (
			);
			runOnlyForDeploymentPostprocessing = 0;
			shellPath = /bin/sh;
			shellScript = "\"${SRCROOT}/Pods/Target Support Files/Pods-WowSuchHire/Pods-WowSuchHire-frameworks.sh\"\n";
			showEnvVarsInLog = 0;
		};
		F96AC21ED362E33483851F36 /* Check Pods Manifest.lock */ = {
			isa = PBXShellScriptBuildPhase;
			buildActionMask = 2147483647;
			files = (
			);
			inputPaths = (
			);
			name = "Check Pods Manifest.lock";
			outputPaths = (
			);
			runOnlyForDeploymentPostprocessing = 0;
			shellPath = /bin/sh;
			shellScript = "diff \"${PODS_ROOT}/../Podfile.lock\" \"${PODS_ROOT}/Manifest.lock\" > /dev/null\nif [[ $? != 0 ]] ; then\n    cat << EOM\nerror: The sandbox is not in sync with the Podfile.lock. Run 'pod install' or update your CocoaPods installation.\nEOM\n    exit 1\nfi\n";
			showEnvVarsInLog = 0;
		};
/* End PBXShellScriptBuildPhase section */

/* Begin PBXSourcesBuildPhase section */
		4DC293421C19D6C0008D69C0 /* Sources */ = {
			isa = PBXSourcesBuildPhase;
			buildActionMask = 2147483647;
			files = (
				4DC2934C1C19D6C0008D69C0 /* DogeViewController.swift in Sources */,
				4DC293781C19D8AA008D69C0 /* Secrets.swift in Sources */,
				4DC2934A1C19D6C0008D69C0 /* AppDelegate.swift in Sources */,
			);
			runOnlyForDeploymentPostprocessing = 0;
		};
		4DC293561C19D6C0008D69C0 /* Sources */ = {
			isa = PBXSourcesBuildPhase;
			buildActionMask = 2147483647;
			files = (
				4DC2935F1C19D6C0008D69C0 /* WowSuchHireTests.swift in Sources */,
			);
			runOnlyForDeploymentPostprocessing = 0;
		};
		4DC293611C19D6C0008D69C0 /* Sources */ = {
			isa = PBXSourcesBuildPhase;
			buildActionMask = 2147483647;
			files = (
				4DC2936A1C19D6C0008D69C0 /* WowSuchHireUITests.swift in Sources */,
			);
			runOnlyForDeploymentPostprocessing = 0;
		};
/* End PBXSourcesBuildPhase section */

/* Begin PBXTargetDependency section */
		4DC2935C1C19D6C0008D69C0 /* PBXTargetDependency */ = {
			isa = PBXTargetDependency;
			target = 4DC293451C19D6C0008D69C0 /* WowSuchHire */;
			targetProxy = 4DC2935B1C19D6C0008D69C0 /* PBXContainerItemProxy */;
		};
		4DC293671C19D6C0008D69C0 /* PBXTargetDependency */ = {
			isa = PBXTargetDependency;
			target = 4DC293451C19D6C0008D69C0 /* WowSuchHire */;
			targetProxy = 4DC293661C19D6C0008D69C0 /* PBXContainerItemProxy */;
		};
/* End PBXTargetDependency section */

/* Begin PBXVariantGroup section */
		4DC2934D1C19D6C0008D69C0 /* Main.storyboard */ = {
			isa = PBXVariantGroup;
			children = (
				4DC2934E1C19D6C0008D69C0 /* Base */,
			);
			name = Main.storyboard;
			sourceTree = "<group>";
		};
		4DC293521C19D6C0008D69C0 /* LaunchScreen.storyboard */ = {
			isa = PBXVariantGroup;
			children = (
				4DC293531C19D6C0008D69C0 /* Base */,
			);
			name = LaunchScreen.storyboard;
			sourceTree = "<group>";
		};
/* End PBXVariantGroup section */

/* Begin XCBuildConfiguration section */
		4DC2936C1C19D6C0008D69C0 /* Debug */ = {
			isa = XCBuildConfiguration;
			buildSettings = {
				ALWAYS_SEARCH_USER_PATHS = NO;
				CLANG_CXX_LANGUAGE_STANDARD = "gnu++0x";
				CLANG_CXX_LIBRARY = "libc++";
				CLANG_ENABLE_MODULES = YES;
				CLANG_ENABLE_OBJC_ARC = YES;
				CLANG_WARN_BOOL_CONVERSION = YES;
				CLANG_WARN_CONSTANT_CONVERSION = YES;
				CLANG_WARN_DIRECT_OBJC_ISA_USAGE = YES_ERROR;
				CLANG_WARN_EMPTY_BODY = YES;
				CLANG_WARN_ENUM_CONVERSION = YES;
				CLANG_WARN_INT_CONVERSION = YES;
				CLANG_WARN_OBJC_ROOT_CLASS = YES_ERROR;
				CLANG_WARN_UNREACHABLE_CODE = YES;
				CLANG_WARN__DUPLICATE_METHOD_MATCH = YES;
				"CODE_SIGN_IDENTITY[sdk=iphoneos*]" = "iPhone Developer";
				COPY_PHASE_STRIP = NO;
				DEBUG_INFORMATION_FORMAT = dwarf;
				ENABLE_STRICT_OBJC_MSGSEND = YES;
				ENABLE_TESTABILITY = YES;
				GCC_C_LANGUAGE_STANDARD = gnu99;
				GCC_DYNAMIC_NO_PIC = NO;
				GCC_NO_COMMON_BLOCKS = YES;
				GCC_OPTIMIZATION_LEVEL = 0;
				GCC_PREPROCESSOR_DEFINITIONS = (
					"DEBUG=1",
					"$(inherited)",
				);
				GCC_WARN_64_TO_32_BIT_CONVERSION = YES;
				GCC_WARN_ABOUT_RETURN_TYPE = YES_ERROR;
				GCC_WARN_UNDECLARED_SELECTOR = YES;
				GCC_WARN_UNINITIALIZED_AUTOS = YES_AGGRESSIVE;
				GCC_WARN_UNUSED_FUNCTION = YES;
				GCC_WARN_UNUSED_VARIABLE = YES;
				IPHONEOS_DEPLOYMENT_TARGET = 9.1;
				MTL_ENABLE_DEBUG_INFO = YES;
				ONLY_ACTIVE_ARCH = YES;
				SDKROOT = iphoneos;
				SWIFT_OPTIMIZATION_LEVEL = "-Onone";
			};
			name = Debug;
		};
		4DC2936D1C19D6C0008D69C0 /* Release */ = {
			isa = XCBuildConfiguration;
			buildSettings = {
				ALWAYS_SEARCH_USER_PATHS = NO;
				CLANG_CXX_LANGUAGE_STANDARD = "gnu++0x";
				CLANG_CXX_LIBRARY = "libc++";
				CLANG_ENABLE_MODULES = YES;
				CLANG_ENABLE_OBJC_ARC = YES;
				CLANG_WARN_BOOL_CONVERSION = YES;
				CLANG_WARN_CONSTANT_CONVERSION = YES;
				CLANG_WARN_DIRECT_OBJC_ISA_USAGE = YES_ERROR;
				CLANG_WARN_EMPTY_BODY = YES;
				CLANG_WARN_ENUM_CONVERSION = YES;
				CLANG_WARN_INT_CONVERSION = YES;
				CLANG_WARN_OBJC_ROOT_CLASS = YES_ERROR;
				CLANG_WARN_UNREACHABLE_CODE = YES;
				CLANG_WARN__DUPLICATE_METHOD_MATCH = YES;
				"CODE_SIGN_IDENTITY[sdk=iphoneos*]" = "iPhone Developer";
				COPY_PHASE_STRIP = NO;
				DEBUG_INFORMATION_FORMAT = "dwarf-with-dsym";
				ENABLE_NS_ASSERTIONS = NO;
				ENABLE_STRICT_OBJC_MSGSEND = YES;
				GCC_C_LANGUAGE_STANDARD = gnu99;
				GCC_NO_COMMON_BLOCKS = YES;
				GCC_WARN_64_TO_32_BIT_CONVERSION = YES;
				GCC_WARN_ABOUT_RETURN_TYPE = YES_ERROR;
				GCC_WARN_UNDECLARED_SELECTOR = YES;
				GCC_WARN_UNINITIALIZED_AUTOS = YES_AGGRESSIVE;
				GCC_WARN_UNUSED_FUNCTION = YES;
				GCC_WARN_UNUSED_VARIABLE = YES;
				IPHONEOS_DEPLOYMENT_TARGET = 9.1;
				MTL_ENABLE_DEBUG_INFO = NO;
				SDKROOT = iphoneos;
				VALIDATE_PRODUCT = YES;
			};
			name = Release;
		};
		4DC2936F1C19D6C0008D69C0 /* Debug */ = {
			isa = XCBuildConfiguration;
			baseConfigurationReference = D562F07881B12FCEB8CC9DE7 /* Pods-WowSuchHire.debug.xcconfig */;
			buildSettings = {
				ASSETCATALOG_COMPILER_APPICON_NAME = AppIcon;
				INFOPLIST_FILE = WowSuchHire/Info.plist;
				LD_RUNPATH_SEARCH_PATHS = "$(inherited) @executable_path/Frameworks";
				PRODUCT_BUNDLE_IDENTIFIER = com.markedwardmurray.WowSuchHire;
				PRODUCT_NAME = "$(TARGET_NAME)";
			};
			name = Debug;
		};
		4DC293701C19D6C0008D69C0 /* Release */ = {
			isa = XCBuildConfiguration;
			baseConfigurationReference = 0765CACBD8ED6A345D0ACE2F /* Pods-WowSuchHire.release.xcconfig */;
			buildSettings = {
				ASSETCATALOG_COMPILER_APPICON_NAME = AppIcon;
				INFOPLIST_FILE = WowSuchHire/Info.plist;
				LD_RUNPATH_SEARCH_PATHS = "$(inherited) @executable_path/Frameworks";
				PRODUCT_BUNDLE_IDENTIFIER = com.markedwardmurray.WowSuchHire;
				PRODUCT_NAME = "$(TARGET_NAME)";
			};
			name = Release;
		};
		4DC293721C19D6C0008D69C0 /* Debug */ = {
			isa = XCBuildConfiguration;
			baseConfigurationReference = A1CB079FA43527FB1E136817 /* Pods-WowSuchHireTests.debug.xcconfig */;
			buildSettings = {
				BUNDLE_LOADER = "$(TEST_HOST)";
				INFOPLIST_FILE = WowSuchHireTests/Info.plist;
				LD_RUNPATH_SEARCH_PATHS = "$(inherited) @executable_path/Frameworks @loader_path/Frameworks";
				PRODUCT_BUNDLE_IDENTIFIER = com.markedwardmurray.WowSuchHireTests;
				PRODUCT_NAME = "$(TARGET_NAME)";
				TEST_HOST = "$(BUILT_PRODUCTS_DIR)/WowSuchHire.app/WowSuchHire";
			};
			name = Debug;
		};
		4DC293731C19D6C0008D69C0 /* Release */ = {
			isa = XCBuildConfiguration;
			baseConfigurationReference = CCD9755FE9F0EF81AC0FB00D /* Pods-WowSuchHireTests.release.xcconfig */;
			buildSettings = {
				BUNDLE_LOADER = "$(TEST_HOST)";
				INFOPLIST_FILE = WowSuchHireTests/Info.plist;
				LD_RUNPATH_SEARCH_PATHS = "$(inherited) @executable_path/Frameworks @loader_path/Frameworks";
				PRODUCT_BUNDLE_IDENTIFIER = com.markedwardmurray.WowSuchHireTests;
				PRODUCT_NAME = "$(TARGET_NAME)";
				TEST_HOST = "$(BUILT_PRODUCTS_DIR)/WowSuchHire.app/WowSuchHire";
			};
			name = Release;
		};
		4DC293751C19D6C0008D69C0 /* Debug */ = {
			isa = XCBuildConfiguration;
			baseConfigurationReference = EF9DFD551738B03ADE94ADCA /* Pods-WowSuchHireUITests.debug.xcconfig */;
			buildSettings = {
				INFOPLIST_FILE = WowSuchHireUITests/Info.plist;
				LD_RUNPATH_SEARCH_PATHS = "$(inherited) @executable_path/Frameworks @loader_path/Frameworks";
				PRODUCT_BUNDLE_IDENTIFIER = com.markedwardmurray.WowSuchHireUITests;
				PRODUCT_NAME = "$(TARGET_NAME)";
				TEST_TARGET_NAME = WowSuchHire;
				USES_XCTRUNNER = YES;
			};
			name = Debug;
		};
		4DC293761C19D6C0008D69C0 /* Release */ = {
			isa = XCBuildConfiguration;
			baseConfigurationReference = A04D85644077C777E58CE29B /* Pods-WowSuchHireUITests.release.xcconfig */;
			buildSettings = {
				INFOPLIST_FILE = WowSuchHireUITests/Info.plist;
				LD_RUNPATH_SEARCH_PATHS = "$(inherited) @executable_path/Frameworks @loader_path/Frameworks";
				PRODUCT_BUNDLE_IDENTIFIER = com.markedwardmurray.WowSuchHireUITests;
				PRODUCT_NAME = "$(TARGET_NAME)";
				TEST_TARGET_NAME = WowSuchHire;
				USES_XCTRUNNER = YES;
			};
			name = Release;
		};
/* End XCBuildConfiguration section */

/* Begin XCConfigurationList section */
		4DC293411C19D6C0008D69C0 /* Build configuration list for PBXProject "WowSuchHire" */ = {
			isa = XCConfigurationList;
			buildConfigurations = (
				4DC2936C1C19D6C0008D69C0 /* Debug */,
				4DC2936D1C19D6C0008D69C0 /* Release */,
			);
			defaultConfigurationIsVisible = 0;
			defaultConfigurationName = Release;
		};
		4DC2936E1C19D6C0008D69C0 /* Build configuration list for PBXNativeTarget "WowSuchHire" */ = {
			isa = XCConfigurationList;
			buildConfigurations = (
				4DC2936F1C19D6C0008D69C0 /* Debug */,
				4DC293701C19D6C0008D69C0 /* Release */,
			);
			defaultConfigurationIsVisible = 0;
			defaultConfigurationName = Release;
		};
		4DC293711C19D6C0008D69C0 /* Build configuration list for PBXNativeTarget "WowSuchHireTests" */ = {
			isa = XCConfigurationList;
			buildConfigurations = (
				4DC293721C19D6C0008D69C0 /* Debug */,
				4DC293731C19D6C0008D69C0 /* Release */,
			);
			defaultConfigurationIsVisible = 0;
			defaultConfigurationName = Release;
		};
		4DC293741C19D6C0008D69C0 /* Build configuration list for PBXNativeTarget "WowSuchHireUITests" */ = {
			isa = XCConfigurationList;
			buildConfigurations = (
				4DC293751C19D6C0008D69C0 /* Debug */,
				4DC293761C19D6C0008D69C0 /* Release */,
			);
			defaultConfigurationIsVisible = 0;
			defaultConfigurationName = Release;
		};
/* End XCConfigurationList section */
	};
	rootObject = 4DC2933E1C19D6C0008D69C0 /* Project object */;
}
